
Microsoft Visual Studio Solution File, Format Version 12.00
# Visual Studio Version 16
VisualStudioVersion = 16.0.30503.244
MinimumVisualStudioVersion = 10.0.40219.1
Project("{9A19103F-16F7-4668-BE54-9A1E7A4F7556}") = "FakerLab", "FakerLab\FakerLab.csproj", "{81F3B006-B605-4C0A-BC30-AB869E0CF266}"
EndProject
Project("{9A19103F-16F7-4668-BE54-9A1E7A4F7556}") = "FakerUnitTests", "FakerUnitTests\FakerUnitTests.csproj", "{1E3FC023-6AAC-490E-AC85-DCB455529EF6}"
EndProject
Project("{9A19103F-16F7-4668-BE54-9A1E7A4F7556}") = "DoubleGeneratorPlugin", "DoubleGeneratorPlugin\DoubleGeneratorPlugin.csproj", "{BEEB9D79-896B-4446-B86B-A500F185F257}"
EndProject
Project("{9A19103F-16F7-4668-BE54-9A1E7A4F7556}") = "FakerLib", "FakerLib\FakerLib.csproj", "{726CDFEA-62AB-4E39-9649-866A7737621C}"
EndProject
Project("{FAE04EC0-301F-11D3-BF4B-00C04F79EFBC}") = "LongGeneratorPlugin", "LongGeneratorPlugin\LongGeneratorPlugin.csproj", "{8B84DA30-5B08-4201-B432-029A325F0505}"
EndProject
Global
	GlobalSection(SolutionConfigurationPlatforms) = preSolution
		Debug|Any CPU = Debug|Any CPU
		Release|Any CPU = Release|Any CPU
	EndGlobalSection
	GlobalSection(ProjectConfigurationPlatforms) = postSolution
		{81F3B006-B605-4C0A-BC30-AB869E0CF266}.Debug|Any CPU.ActiveCfg = Debug|Any CPU
		{81F3B006-B605-4C0A-BC30-AB869E0CF266}.Debug|Any CPU.Build.0 = Debug|Any CPU
		{81F3B006-B605-4C0A-BC30-AB869E0CF266}.Release|Any CPU.ActiveCfg = Release|Any CPU
		{81F3B006-B605-4C0A-BC30-AB869E0CF266}.Release|Any CPU.Build.0 = Release|Any CPU
		{1E3FC023-6AAC-490E-AC85-DCB455529EF6}.Debug|Any CPU.ActiveCfg = Debug|Any CPU
		{1E3FC023-6AAC-490E-AC85-DCB455529EF6}.Debug|Any CPU.Build.0 = Debug|Any CPU
		{1E3FC023-6AAC-490E-AC85-DCB455529EF6}.Release|Any CPU.ActiveCfg = Release|Any CPU
		{1E3FC023-6AAC-490E-AC85-DCB455529EF6}.Release|Any CPU.Build.0 = Release|Any CPU
		{BEEB9D79-896B-4446-B86B-A500F185F257}.Debug|Any CPU.ActiveCfg = Debug|Any CPU
		{BEEB9D79-896B-4446-B86B-A500F185F257}.Debug|Any CPU.Build.0 = Debug|Any CPU
		{BEEB9D79-896B-4446-B86B-A500F185F257}.Release|Any CPU.ActiveCfg = Release|Any CPU
		{BEEB9D79-896B-4446-B86B-A500F185F257}.Release|Any CPU.Build.0 = Release|Any CPU
		{726CDFEA-62AB-4E39-9649-866A7737621C}.Debug|Any CPU.ActiveCfg = Debug|Any CPU
		{726CDFEA-62AB-4E39-9649-866A7737621C}.Debug|Any CPU.Build.0 = Debug|Any CPU
		{726CDFEA-62AB-4E39-9649-866A7737621C}.Release|Any CPU.ActiveCfg = Release|Any CPU
		{726CDFEA-62AB-4E39-9649-866A7737621C}.Release|Any CPU.Build.0 = Release|Any CPU
		{8B84DA30-5B08-4201-B432-029A325F0505}.Debug|Any CPU.ActiveCfg = Debug|Any CPU
		{8B84DA30-5B08-4201-B432-029A325F0505}.Debug|Any CPU.Build.0 = Debug|Any CPU
		{8B84DA30-5B08-4201-B432-029A325F0505}.Release|Any CPU.ActiveCfg = Release|Any CPU
		{8B84DA30-5B08-4201-B432-029A325F0505}.Release|Any CPU.Build.0 = Release|Any CPU
	EndGlobalSection
	GlobalSection(SolutionProperties) = preSolution
		HideSolutionNode = FALSE
	EndGlobalSection
	GlobalSection(ExtensibilityGlobals) = postSolution
		SolutionGuid = {D7565C1C-9831-412E-A862-94BC20ACA2E8}
	EndGlobalSection
EndGlobal
